
Microsoft Visual Studio Solution File, Format Version 12.00
# Visual Studio Version 16
VisualStudioVersion = 16.0.29613.14
MinimumVisualStudioVersion = 10.0.40219.1
Project("{FAE04EC0-301F-11D3-BF4B-00C04F79EFBC}") = "ProseKit", "ProseKit\ProseKit.csproj", "{798818FC-5278-4D73-A102-7CF79EDA0B29}"
EndProject
Global
	GlobalSection(SolutionConfigurationPlatforms) = preSolution
		Debug|Any CPU = Debug|Any CPU
		Release|Any CPU = Release|Any CPU
	EndGlobalSection
	GlobalSection(ProjectConfigurationPlatforms) = postSolution
		{798818FC-5278-4D73-A102-7CF79EDA0B29}.Debug|Any CPU.ActiveCfg = Debug|Any CPU
		{798818FC-5278-4D73-A102-7CF79EDA0B29}.Debug|Any CPU.Build.0 = Debug|Any CPU
		{798818FC-5278-4D73-A102-7CF79EDA0B29}.Release|Any CPU.ActiveCfg = Release|Any CPU
		{798818FC-5278-4D73-A102-7CF79EDA0B29}.Release|Any CPU.Build.0 = Release|Any CPU
	EndGlobalSection
	GlobalSection(SolutionProperties) = preSolution
		HideSolutionNode = FALSE
	EndGlobalSection
	GlobalSection(ExtensibilityGlobals) = postSolution
		SolutionGuid = {E66C9132-DDFC-4DC7-AF8A-2CF03FB3F8B4}
	EndGlobalSection
EndGlobal
